
Microsoft Visual Studio Solution File, Format Version 12.00
Project("{FAE04EC0-301F-11D3-BF4B-00C04F79EFBC}") = "MultiTaskingTest", "MultiTaskingTest\MultiTaskingTest.csproj", "{CACBDE5B-9859-4C0E-BEB9-6E54E28466AA}"
EndProject
Global
	GlobalSection(SolutionConfigurationPlatforms) = preSolution
		Debug|Any CPU = Debug|Any CPU
		Release|Any CPU = Release|Any CPU
	EndGlobalSection
	GlobalSection(ProjectConfigurationPlatforms) = postSolution
		{CACBDE5B-9859-4C0E-BEB9-6E54E28466AA}.Debug|Any CPU.ActiveCfg = Debug|Any CPU
		{CACBDE5B-9859-4C0E-BEB9-6E54E28466AA}.Debug|Any CPU.Build.0 = Debug|Any CPU
		{CACBDE5B-9859-4C0E-BEB9-6E54E28466AA}.Release|Any CPU.ActiveCfg = Release|Any CPU
		{CACBDE5B-9859-4C0E-BEB9-6E54E28466AA}.Release|Any CPU.Build.0 = Release|Any CPU
	EndGlobalSection
EndGlobal
